
Microsoft Visual Studio Solution File, Format Version 12.00
# Visual Studio 14
VisualStudioVersion = 14.0.24720.0
MinimumVisualStudioVersion = 10.0.40219.1
Project("{2150E333-8FDC-42A3-9474-1A3956D46DE8}") = "src", "src", "{B07B412A-C67E-489F-A575-92E8E2661ECF}"
EndProject
Project("{2150E333-8FDC-42A3-9474-1A3956D46DE8}") = "Solution Items", "Solution Items", "{3B937B30-8AE3-41CD-B130-DDA8C58CEA6B}"
	ProjectSection(SolutionItems) = preProject
		global.json = global.json
		LICENSE.txt = LICENSE.txt
		README.md = README.md
	EndProjectSection
EndProject
Project("{FAE04EC0-301F-11D3-BF4B-00C04F79EFBC}") = "Durwella.Measurements", "src\Durwella.Measurements\Durwella.Measurements.csproj", "{748F58FD-D75A-4F4D-8565-2447203D6DEA}"
EndProject
Project("{FAE04EC0-301F-11D3-BF4B-00C04F79EFBC}") = "Durwella.Measurements.Test", "src\Durwella.Measurements.Test\Durwella.Measurements.Test.csproj", "{2B1E43D9-A8A3-466F-9FF9-57FF04E07934}"
EndProject
Global
	GlobalSection(SolutionConfigurationPlatforms) = preSolution
		Debug|Any CPU = Debug|Any CPU
		Release|Any CPU = Release|Any CPU
	EndGlobalSection
	GlobalSection(ProjectConfigurationPlatforms) = postSolution
		{748F58FD-D75A-4F4D-8565-2447203D6DEA}.Debug|Any CPU.ActiveCfg = Debug|Any CPU
		{748F58FD-D75A-4F4D-8565-2447203D6DEA}.Debug|Any CPU.Build.0 = Debug|Any CPU
		{748F58FD-D75A-4F4D-8565-2447203D6DEA}.Release|Any CPU.ActiveCfg = Release|Any CPU
		{748F58FD-D75A-4F4D-8565-2447203D6DEA}.Release|Any CPU.Build.0 = Release|Any CPU
		{2B1E43D9-A8A3-466F-9FF9-57FF04E07934}.Debug|Any CPU.ActiveCfg = Debug|Any CPU
		{2B1E43D9-A8A3-466F-9FF9-57FF04E07934}.Debug|Any CPU.Build.0 = Debug|Any CPU
		{2B1E43D9-A8A3-466F-9FF9-57FF04E07934}.Release|Any CPU.ActiveCfg = Release|Any CPU
		{2B1E43D9-A8A3-466F-9FF9-57FF04E07934}.Release|Any CPU.Build.0 = Release|Any CPU
	EndGlobalSection
	GlobalSection(SolutionProperties) = preSolution
		HideSolutionNode = FALSE
	EndGlobalSection
	GlobalSection(NestedProjects) = preSolution
		{748F58FD-D75A-4F4D-8565-2447203D6DEA} = {B07B412A-C67E-489F-A575-92E8E2661ECF}
		{2B1E43D9-A8A3-466F-9FF9-57FF04E07934} = {B07B412A-C67E-489F-A575-92E8E2661ECF}
	EndGlobalSection
EndGlobal
